
Microsoft Visual Studio Solution File, Format Version 12.00
# Visual Studio Version 17
VisualStudioVersion = 17.7.34031.279
MinimumVisualStudioVersion = 10.0.40219.1
Project("{FAE04EC0-301F-11D3-BF4B-00C04F79EFBC}") = "Pong", "Pong\Pong.csproj", "{C71C83B7-9E8F-464F-A68F-B261101180E1}"
EndProject
Project("{9A19103F-16F7-4668-BE54-9A1E7A4F7556}") = "Plasma", "..\Plasma\Plasma\Plasma.csproj", "{1481E1B9-404A-4411-93C1-3AC3E2F43BA6}"
EndProject
Global
	GlobalSection(SolutionConfigurationPlatforms) = preSolution
		Debug|Any CPU = Debug|Any CPU
		Release|Any CPU = Release|Any CPU
	EndGlobalSection
	GlobalSection(ProjectConfigurationPlatforms) = postSolution
		{C71C83B7-9E8F-464F-A68F-B261101180E1}.Debug|Any CPU.ActiveCfg = Debug|Any CPU
		{C71C83B7-9E8F-464F-A68F-B261101180E1}.Debug|Any CPU.Build.0 = Debug|Any CPU
		{C71C83B7-9E8F-464F-A68F-B261101180E1}.Release|Any CPU.ActiveCfg = Release|Any CPU
		{C71C83B7-9E8F-464F-A68F-B261101180E1}.Release|Any CPU.Build.0 = Release|Any CPU
		{1481E1B9-404A-4411-93C1-3AC3E2F43BA6}.Debug|Any CPU.ActiveCfg = Debug|Any CPU
		{1481E1B9-404A-4411-93C1-3AC3E2F43BA6}.Debug|Any CPU.Build.0 = Debug|Any CPU
		{1481E1B9-404A-4411-93C1-3AC3E2F43BA6}.Release|Any CPU.ActiveCfg = Release|Any CPU
		{1481E1B9-404A-4411-93C1-3AC3E2F43BA6}.Release|Any CPU.Build.0 = Release|Any CPU
	EndGlobalSection
	GlobalSection(SolutionProperties) = preSolution
		HideSolutionNode = FALSE
	EndGlobalSection
	GlobalSection(ExtensibilityGlobals) = postSolution
		SolutionGuid = {CE7A1AF9-4519-4C1F-AC7E-25CD24BC19B6}
	EndGlobalSection
EndGlobal
